
Microsoft Visual Studio Solution File, Format Version 12.00
# Visual Studio Version 17
VisualStudioVersion = 17.7.34003.232
MinimumVisualStudioVersion = 10.0.40219.1
Project("{FAE04EC0-301F-11D3-BF4B-00C04F79EFBC}") = "SistemaDeGerenciamentoDeTarefas", "SistemaDeGerenciamentoDeTarefas\SistemaDeGerenciamentoDeTarefas.csproj", "{8767D86B-2FDC-4742-BEBD-B550DE5AB65F}"
EndProject
Project("{FAE04EC0-301F-11D3-BF4B-00C04F79EFBC}") = "SistemaDeGerenciamentoDeTarefas.Tests", "SistemaDeGerenciamentoDeTarefas.Tests\SistemaDeGerenciamentoDeTarefas.Tests.csproj", "{10B0C4C9-AE4A-4BAD-8066-FE9958188BBB}"
EndProject
Global
	GlobalSection(SolutionConfigurationPlatforms) = preSolution
		Debug|Any CPU = Debug|Any CPU
		Release|Any CPU = Release|Any CPU
	EndGlobalSection
	GlobalSection(ProjectConfigurationPlatforms) = postSolution
		{8767D86B-2FDC-4742-BEBD-B550DE5AB65F}.Debug|Any CPU.ActiveCfg = Debug|Any CPU
		{8767D86B-2FDC-4742-BEBD-B550DE5AB65F}.Debug|Any CPU.Build.0 = Debug|Any CPU
		{8767D86B-2FDC-4742-BEBD-B550DE5AB65F}.Release|Any CPU.ActiveCfg = Release|Any CPU
		{8767D86B-2FDC-4742-BEBD-B550DE5AB65F}.Release|Any CPU.Build.0 = Release|Any CPU
		{10B0C4C9-AE4A-4BAD-8066-FE9958188BBB}.Debug|Any CPU.ActiveCfg = Debug|Any CPU
		{10B0C4C9-AE4A-4BAD-8066-FE9958188BBB}.Debug|Any CPU.Build.0 = Debug|Any CPU
		{10B0C4C9-AE4A-4BAD-8066-FE9958188BBB}.Release|Any CPU.ActiveCfg = Release|Any CPU
		{10B0C4C9-AE4A-4BAD-8066-FE9958188BBB}.Release|Any CPU.Build.0 = Release|Any CPU
	EndGlobalSection
	GlobalSection(SolutionProperties) = preSolution
		HideSolutionNode = FALSE
	EndGlobalSection
	GlobalSection(ExtensibilityGlobals) = postSolution
		SolutionGuid = {6A86C280-E94B-4B68-8CB8-2D14519D312A}
	EndGlobalSection
EndGlobal
